
Microsoft Visual Studio Solution File, Format Version 9.00
# Visual Studio 2005
Project("{8BC9CEB8-8B4A-11D0-8D11-00A0C91BC942}") = "!MDuel", "!MDuel.vcproj", "{F832F447-02D8-465E-B141-7928CF8545B3}"
EndProject
Global
	GlobalSection(SolutionConfigurationPlatforms) = preSolution
		Debug|Win32 = Debug|Win32
		Release|Win32 = Release|Win32
	EndGlobalSection
	GlobalSection(ProjectConfigurationPlatforms) = postSolution
		{F832F447-02D8-465E-B141-7928CF8545B3}.Debug|Win32.ActiveCfg = Release|Win32
		{F832F447-02D8-465E-B141-7928CF8545B3}.Debug|Win32.Build.0 = Release|Win32
		{F832F447-02D8-465E-B141-7928CF8545B3}.Release|Win32.ActiveCfg = Release|Win32
		{F832F447-02D8-465E-B141-7928CF8545B3}.Release|Win32.Build.0 = Release|Win32
	EndGlobalSection
	GlobalSection(SolutionProperties) = preSolution
		HideSolutionNode = FALSE
	EndGlobalSection
EndGlobal
